
Microsoft Visual Studio Solution File, Format Version 12.00
# Visual Studio 14
VisualStudioVersion = 14.0.24720.0
MinimumVisualStudioVersion = 10.0.40219.1
Project("{FAE04EC0-301F-11D3-BF4B-00C04F79EFBC}") = "e.Project", "e.Project\e.Project.csproj", "{D0A85EFA-83C0-46E8-861F-DDCCCC9B40A5}"
	ProjectSection(ProjectDependencies) = postProject
		{C82C72D4-E30F-4684-8B59-85ABC074FBCF} = {C82C72D4-E30F-4684-8B59-85ABC074FBCF}
	EndProjectSection
EndProject
Project("{FAE04EC0-301F-11D3-BF4B-00C04F79EFBC}") = "EprojectWithWcf", "EprojectWithWcf\EprojectWithWcf.csproj", "{C82C72D4-E30F-4684-8B59-85ABC074FBCF}"
EndProject
Global
	GlobalSection(SolutionConfigurationPlatforms) = preSolution
		Debug|Any CPU = Debug|Any CPU
		Debug|ARM = Debug|ARM
		Debug|x64 = Debug|x64
		Debug|x86 = Debug|x86
		Release|Any CPU = Release|Any CPU
		Release|ARM = Release|ARM
		Release|x64 = Release|x64
		Release|x86 = Release|x86
	EndGlobalSection
	GlobalSection(ProjectConfigurationPlatforms) = postSolution
		{D0A85EFA-83C0-46E8-861F-DDCCCC9B40A5}.Debug|Any CPU.ActiveCfg = Debug|Any CPU
		{D0A85EFA-83C0-46E8-861F-DDCCCC9B40A5}.Debug|Any CPU.Build.0 = Debug|Any CPU
		{D0A85EFA-83C0-46E8-861F-DDCCCC9B40A5}.Debug|Any CPU.Deploy.0 = Debug|Any CPU
		{D0A85EFA-83C0-46E8-861F-DDCCCC9B40A5}.Debug|ARM.ActiveCfg = Debug|ARM
		{D0A85EFA-83C0-46E8-861F-DDCCCC9B40A5}.Debug|ARM.Build.0 = Debug|ARM
		{D0A85EFA-83C0-46E8-861F-DDCCCC9B40A5}.Debug|ARM.Deploy.0 = Debug|ARM
		{D0A85EFA-83C0-46E8-861F-DDCCCC9B40A5}.Debug|x64.ActiveCfg = Debug|x64
		{D0A85EFA-83C0-46E8-861F-DDCCCC9B40A5}.Debug|x64.Build.0 = Debug|x64
		{D0A85EFA-83C0-46E8-861F-DDCCCC9B40A5}.Debug|x64.Deploy.0 = Debug|x64
		{D0A85EFA-83C0-46E8-861F-DDCCCC9B40A5}.Debug|x86.ActiveCfg = Debug|x86
		{D0A85EFA-83C0-46E8-861F-DDCCCC9B40A5}.Debug|x86.Build.0 = Debug|x86
		{D0A85EFA-83C0-46E8-861F-DDCCCC9B40A5}.Debug|x86.Deploy.0 = Debug|x86
		{D0A85EFA-83C0-46E8-861F-DDCCCC9B40A5}.Release|Any CPU.ActiveCfg = Release|Any CPU
		{D0A85EFA-83C0-46E8-861F-DDCCCC9B40A5}.Release|Any CPU.Build.0 = Release|Any CPU
		{D0A85EFA-83C0-46E8-861F-DDCCCC9B40A5}.Release|Any CPU.Deploy.0 = Release|Any CPU
		{D0A85EFA-83C0-46E8-861F-DDCCCC9B40A5}.Release|ARM.ActiveCfg = Release|ARM
		{D0A85EFA-83C0-46E8-861F-DDCCCC9B40A5}.Release|ARM.Build.0 = Release|ARM
		{D0A85EFA-83C0-46E8-861F-DDCCCC9B40A5}.Release|ARM.Deploy.0 = Release|ARM
		{D0A85EFA-83C0-46E8-861F-DDCCCC9B40A5}.Release|x64.ActiveCfg = Release|x64
		{D0A85EFA-83C0-46E8-861F-DDCCCC9B40A5}.Release|x64.Build.0 = Release|x64
		{D0A85EFA-83C0-46E8-861F-DDCCCC9B40A5}.Release|x64.Deploy.0 = Release|x64
		{D0A85EFA-83C0-46E8-861F-DDCCCC9B40A5}.Release|x86.ActiveCfg = Release|x86
		{D0A85EFA-83C0-46E8-861F-DDCCCC9B40A5}.Release|x86.Build.0 = Release|x86
		{D0A85EFA-83C0-46E8-861F-DDCCCC9B40A5}.Release|x86.Deploy.0 = Release|x86
		{C82C72D4-E30F-4684-8B59-85ABC074FBCF}.Debug|Any CPU.ActiveCfg = Debug|Any CPU
		{C82C72D4-E30F-4684-8B59-85ABC074FBCF}.Debug|Any CPU.Build.0 = Debug|Any CPU
		{C82C72D4-E30F-4684-8B59-85ABC074FBCF}.Debug|ARM.ActiveCfg = Debug|Any CPU
		{C82C72D4-E30F-4684-8B59-85ABC074FBCF}.Debug|ARM.Build.0 = Debug|Any CPU
		{C82C72D4-E30F-4684-8B59-85ABC074FBCF}.Debug|x64.ActiveCfg = Debug|Any CPU
		{C82C72D4-E30F-4684-8B59-85ABC074FBCF}.Debug|x64.Build.0 = Debug|Any CPU
		{C82C72D4-E30F-4684-8B59-85ABC074FBCF}.Debug|x86.ActiveCfg = Debug|Any CPU
		{C82C72D4-E30F-4684-8B59-85ABC074FBCF}.Debug|x86.Build.0 = Debug|Any CPU
		{C82C72D4-E30F-4684-8B59-85ABC074FBCF}.Release|Any CPU.ActiveCfg = Release|Any CPU
		{C82C72D4-E30F-4684-8B59-85ABC074FBCF}.Release|Any CPU.Build.0 = Release|Any CPU
		{C82C72D4-E30F-4684-8B59-85ABC074FBCF}.Release|ARM.ActiveCfg = Release|Any CPU
		{C82C72D4-E30F-4684-8B59-85ABC074FBCF}.Release|ARM.Build.0 = Release|Any CPU
		{C82C72D4-E30F-4684-8B59-85ABC074FBCF}.Release|x64.ActiveCfg = Release|Any CPU
		{C82C72D4-E30F-4684-8B59-85ABC074FBCF}.Release|x64.Build.0 = Release|Any CPU
		{C82C72D4-E30F-4684-8B59-85ABC074FBCF}.Release|x86.ActiveCfg = Release|Any CPU
		{C82C72D4-E30F-4684-8B59-85ABC074FBCF}.Release|x86.Build.0 = Release|Any CPU
	EndGlobalSection
	GlobalSection(SolutionProperties) = preSolution
		HideSolutionNode = FALSE
	EndGlobalSection
EndGlobal
